
Microsoft Visual Studio Solution File, Format Version 12.00
# Visual Studio Version 16
VisualStudioVersion = 16.0.30320.27
MinimumVisualStudioVersion = 10.0.40219.1
Project("{FAE04EC0-301F-11D3-BF4B-00C04F79EFBC}") = "ImageRecogniser", "ImageRecogniser\ImageRecogniser.csproj", "{BE8407BC-6139-46C4-B492-33E28A44D0A4}"
EndProject
Project("{FAE04EC0-301F-11D3-BF4B-00C04F79EFBC}") = "ConsoleRecogniser", "ConsoleRecogniser\ConsoleRecogniser.csproj", "{2CAAB286-D3DD-491C-8FD3-ED4D82402557}"
EndProject
Global
	GlobalSection(SolutionConfigurationPlatforms) = preSolution
		Debug|Any CPU = Debug|Any CPU
		Release|Any CPU = Release|Any CPU
	EndGlobalSection
	GlobalSection(ProjectConfigurationPlatforms) = postSolution
		{BE8407BC-6139-46C4-B492-33E28A44D0A4}.Debug|Any CPU.ActiveCfg = Debug|Any CPU
		{BE8407BC-6139-46C4-B492-33E28A44D0A4}.Debug|Any CPU.Build.0 = Debug|Any CPU
		{BE8407BC-6139-46C4-B492-33E28A44D0A4}.Release|Any CPU.ActiveCfg = Release|Any CPU
		{BE8407BC-6139-46C4-B492-33E28A44D0A4}.Release|Any CPU.Build.0 = Release|Any CPU
		{2CAAB286-D3DD-491C-8FD3-ED4D82402557}.Debug|Any CPU.ActiveCfg = Debug|Any CPU
		{2CAAB286-D3DD-491C-8FD3-ED4D82402557}.Debug|Any CPU.Build.0 = Debug|Any CPU
		{2CAAB286-D3DD-491C-8FD3-ED4D82402557}.Release|Any CPU.ActiveCfg = Release|Any CPU
		{2CAAB286-D3DD-491C-8FD3-ED4D82402557}.Release|Any CPU.Build.0 = Release|Any CPU
	EndGlobalSection
	GlobalSection(SolutionProperties) = preSolution
		HideSolutionNode = FALSE
	EndGlobalSection
	GlobalSection(ExtensibilityGlobals) = postSolution
		SolutionGuid = {3D729D9F-E7AA-44AA-84FC-3A9E34E261AE}
	EndGlobalSection
EndGlobal
